// !$*UTF8*$!
{
	archiveVersion = 1;
	classes = {
	};
	objectVersion = 56;
	objects = {

/* Begin PBXBuildFile section */
		CE0814382B075EC00019A459 /* TextFieldView.swift in Sources */ = {isa = PBXBuildFile; fileRef = CE0814372B075EC00019A459 /* TextFieldView.swift */; };
		CE536A2F2C5A181000A34F6A /* WBViewModel.swift in Sources */ = {isa = PBXBuildFile; fileRef = CE536A2E2C5A181000A34F6A /* WBViewModel.swift */; };
		CE5D35142B04ACF60062A9DA /* WBMainView.swift in Sources */ = {isa = PBXBuildFile; fileRef = CE5D35132B04ACF60062A9DA /* WBMainView.swift */; };
		CE5D35192B04AE880062A9DA /* VectorSynthesisView.swift in Sources */ = {isa = PBXBuildFile; fileRef = CE5D35182B04AE880062A9DA /* VectorSynthesisView.swift */; };
		CE5D351D2B04DA420062A9DA /* VectorData.swift in Sources */ = {isa = PBXBuildFile; fileRef = CE5D351C2B04DA420062A9DA /* VectorData.swift */; };
		CE5D351F2B05ED420062A9DA /* SheetView.swift in Sources */ = {isa = PBXBuildFile; fileRef = CE5D351E2B05ED420062A9DA /* SheetView.swift */; };
		CE9202242B06E69B0044DA56 /* CustomImageView.swift in Sources */ = {isa = PBXBuildFile; fileRef = CE9202232B06E69B0044DA56 /* CustomImageView.swift */; };
		CEB737CB2B0374D60096A14E /* WeightBalancingView.swift in Sources */ = {isa = PBXBuildFile; fileRef = CEB737CA2B0374D60096A14E /* WeightBalancingView.swift */; };
		CED8AD202B02535000301870 /* Vibration_AnalyzerApp.swift in Sources */ = {isa = PBXBuildFile; fileRef = CED8AD1F2B02535000301870 /* Vibration_AnalyzerApp.swift */; };
		CED8AD222B02535000301870 /* Main.swift in Sources */ = {isa = PBXBuildFile; fileRef = CED8AD212B02535000301870 /* Main.swift */; };
		CED8AD242B02535000301870 /* VibData.swift in Sources */ = {isa = PBXBuildFile; fileRef = CED8AD232B02535000301870 /* VibData.swift */; };
		CED8AD262B02535100301870 /* Assets.xcassets in Resources */ = {isa = PBXBuildFile; fileRef = CED8AD252B02535100301870 /* Assets.xcassets */; };
		CED8AD2A2B02535100301870 /* Preview Assets.xcassets in Resources */ = {isa = PBXBuildFile; fileRef = CED8AD292B02535100301870 /* Preview Assets.xcassets */; };
		CED8AD312B035C3C00301870 /* DataInputView.swift in Sources */ = {isa = PBXBuildFile; fileRef = CED8AD302B035C3C00301870 /* DataInputView.swift */; };
/* End PBXBuildFile section */

/* Begin PBXFileReference section */
		CE0814372B075EC00019A459 /* TextFieldView.swift */ = {isa = PBXFileReference; lastKnownFileType = sourcecode.swift; path = TextFieldView.swift; sourceTree = "<group>"; };
		CE536A2E2C5A181000A34F6A /* WBViewModel.swift */ = {isa = PBXFileReference; lastKnownFileType = sourcecode.swift; path = WBViewModel.swift; sourceTree = "<group>"; };
		CE5D35132B04ACF60062A9DA /* WBMainView.swift */ = {isa = PBXFileReference; lastKnownFileType = sourcecode.swift; path = WBMainView.swift; sourceTree = "<group>"; };
		CE5D35182B04AE880062A9DA /* VectorSynthesisView.swift */ = {isa = PBXFileReference; lastKnownFileType = sourcecode.swift; path = VectorSynthesisView.swift; sourceTree = "<group>"; };
		CE5D351C2B04DA420062A9DA /* VectorData.swift */ = {isa = PBXFileReference; lastKnownFileType = sourcecode.swift; path = VectorData.swift; sourceTree = "<group>"; };
		CE5D351E2B05ED420062A9DA /* SheetView.swift */ = {isa = PBXFileReference; lastKnownFileType = sourcecode.swift; path = SheetView.swift; sourceTree = "<group>"; };
		CE9202232B06E69B0044DA56 /* CustomImageView.swift */ = {isa = PBXFileReference; lastKnownFileType = sourcecode.swift; path = CustomImageView.swift; sourceTree = "<group>"; };
		CEB737CA2B0374D60096A14E /* WeightBalancingView.swift */ = {isa = PBXFileReference; lastKnownFileType = sourcecode.swift; path = WeightBalancingView.swift; sourceTree = "<group>"; };
		CED8AD1C2B02535000301870 /* Vibration Analyzer.app */ = {isa = PBXFileReference; explicitFileType = wrapper.application; includeInIndex = 0; path = "Vibration Analyzer.app"; sourceTree = BUILT_PRODUCTS_DIR; };
		CED8AD1F2B02535000301870 /* Vibration_AnalyzerApp.swift */ = {isa = PBXFileReference; lastKnownFileType = sourcecode.swift; path = Vibration_AnalyzerApp.swift; sourceTree = "<group>"; };
		CED8AD212B02535000301870 /* Main.swift */ = {isa = PBXFileReference; lastKnownFileType = sourcecode.swift; path = Main.swift; sourceTree = "<group>"; };
		CED8AD232B02535000301870 /* VibData.swift */ = {isa = PBXFileReference; lastKnownFileType = sourcecode.swift; path = VibData.swift; sourceTree = "<group>"; };
		CED8AD252B02535100301870 /* Assets.xcassets */ = {isa = PBXFileReference; lastKnownFileType = folder.assetcatalog; path = Assets.xcassets; sourceTree = "<group>"; };
		CED8AD272B02535100301870 /* Vibration_Analyzer.entitlements */ = {isa = PBXFileReference; lastKnownFileType = text.plist.entitlements; path = Vibration_Analyzer.entitlements; sourceTree = "<group>"; };
		CED8AD292B02535100301870 /* Preview Assets.xcassets */ = {isa = PBXFileReference; lastKnownFileType = folder.assetcatalog; path = "Preview Assets.xcassets"; sourceTree = "<group>"; };
		CED8AD302B035C3C00301870 /* DataInputView.swift */ = {isa = PBXFileReference; lastKnownFileType = sourcecode.swift; path = DataInputView.swift; sourceTree = "<group>"; };
/* End PBXFileReference section */

/* Begin PBXFrameworksBuildPhase section */
		CED8AD192B02535000301870 /* Frameworks */ = {
			isa = PBXFrameworksBuildPhase;
			buildActionMask = 2147483647;
			files = (
			);
			runOnlyForDeploymentPostprocessing = 0;
		};
/* End PBXFrameworksBuildPhase section */

/* Begin PBXGroup section */
		CE536A302C5A181700A34F6A /* WB ViewModel */ = {
			isa = PBXGroup;
			children = (
				CE536A2E2C5A181000A34F6A /* WBViewModel.swift */,
			);
			path = "WB ViewModel";
			sourceTree = "<group>";
		};
		CE5D35162B04AE240062A9DA /* WB Views */ = {
			isa = PBXGroup;
			children = (
				CE5D35132B04ACF60062A9DA /* WBMainView.swift */,
				CED8AD302B035C3C00301870 /* DataInputView.swift */,
				CEB737CA2B0374D60096A14E /* WeightBalancingView.swift */,
				CE5D351E2B05ED420062A9DA /* SheetView.swift */,
				CE9202232B06E69B0044DA56 /* CustomImageView.swift */,
				CE0814372B075EC00019A459 /* TextFieldView.swift */,
			);
			path = "WB Views";
			sourceTree = "<group>";
		};
		CE5D35172B04AE300062A9DA /* WB Model */ = {
			isa = PBXGroup;
			children = (
				CED8AD232B02535000301870 /* VibData.swift */,
			);
			path = "WB Model";
			sourceTree = "<group>";
		};
		CE5D351A2B04D9B70062A9DA /* WeightBalancing */ = {
			isa = PBXGroup;
			children = (
				CE5D35162B04AE240062A9DA /* WB Views */,
				CE5D35172B04AE300062A9DA /* WB Model */,
				CE536A302C5A181700A34F6A /* WB ViewModel */,
			);
			path = WeightBalancing;
			sourceTree = "<group>";
		};
		CE5D351B2B04DA050062A9DA /* VectorSynthesis */ = {
			isa = PBXGroup;
			children = (
				CE5D35182B04AE880062A9DA /* VectorSynthesisView.swift */,
				CE5D351C2B04DA420062A9DA /* VectorData.swift */,
			);
			path = VectorSynthesis;
			sourceTree = "<group>";
		};
		CED8AD132B02535000301870 = {
			isa = PBXGroup;
			children = (
				CED8AD1E2B02535000301870 /* Vibration Analyzer */,
				CED8AD1D2B02535000301870 /* Products */,
			);
			sourceTree = "<group>";
		};
		CED8AD1D2B02535000301870 /* Products */ = {
			isa = PBXGroup;
			children = (
				CED8AD1C2B02535000301870 /* Vibration Analyzer.app */,
			);
			name = Products;
			sourceTree = "<group>";
		};
		CED8AD1E2B02535000301870 /* Vibration Analyzer */ = {
			isa = PBXGroup;
			children = (
				CED8AD1F2B02535000301870 /* Vibration_AnalyzerApp.swift */,
				CED8AD212B02535000301870 /* Main.swift */,
				CE5D351B2B04DA050062A9DA /* VectorSynthesis */,
				CE5D351A2B04D9B70062A9DA /* WeightBalancing */,
				CED8AD252B02535100301870 /* Assets.xcassets */,
				CED8AD272B02535100301870 /* Vibration_Analyzer.entitlements */,
				CED8AD282B02535100301870 /* Preview Content */,
			);
			path = "Vibration Analyzer";
			sourceTree = "<group>";
		};
		CED8AD282B02535100301870 /* Preview Content */ = {
			isa = PBXGroup;
			children = (
				CED8AD292B02535100301870 /* Preview Assets.xcassets */,
			);
			path = "Preview Content";
			sourceTree = "<group>";
		};
/* End PBXGroup section */

/* Begin PBXNativeTarget section */
		CED8AD1B2B02535000301870 /* Vibration Analyzer */ = {
			isa = PBXNativeTarget;
			buildConfigurationList = CED8AD2D2B02535100301870 /* Build configuration list for PBXNativeTarget "Vibration Analyzer" */;
			buildPhases = (
				CED8AD182B02535000301870 /* Sources */,
				CED8AD192B02535000301870 /* Frameworks */,
				CED8AD1A2B02535000301870 /* Resources */,
			);
			buildRules = (
			);
			dependencies = (
			);
			name = "Vibration Analyzer";
			productName = "Vibration Analyzer";
			productReference = CED8AD1C2B02535000301870 /* Vibration Analyzer.app */;
			productType = "com.apple.product-type.application";
		};
/* End PBXNativeTarget section */

/* Begin PBXProject section */
		CED8AD142B02535000301870 /* Project object */ = {
			isa = PBXProject;
			attributes = {
				BuildIndependentTargetsInParallel = 1;
				LastSwiftUpdateCheck = 1500;
				LastUpgradeCheck = 1540;
				TargetAttributes = {
					CED8AD1B2B02535000301870 = {
						CreatedOnToolsVersion = 15.0.1;
					};
				};
			};
			buildConfigurationList = CED8AD172B02535000301870 /* Build configuration list for PBXProject "Vibration Analyzer" */;
			compatibilityVersion = "Xcode 14.0";
			developmentRegion = en;
			hasScannedForEncodings = 0;
			knownRegions = (
				en,
				Base,
			);
			mainGroup = CED8AD132B02535000301870;
			productRefGroup = CED8AD1D2B02535000301870 /* Products */;
			projectDirPath = "";
			projectRoot = "";
			targets = (
				CED8AD1B2B02535000301870 /* Vibration Analyzer */,
			);
		};
/* End PBXProject section */

/* Begin PBXResourcesBuildPhase section */
		CED8AD1A2B02535000301870 /* Resources */ = {
			isa = PBXResourcesBuildPhase;
			buildActionMask = 2147483647;
			files = (
				CED8AD2A2B02535100301870 /* Preview Assets.xcassets in Resources */,
				CED8AD262B02535100301870 /* Assets.xcassets in Resources */,
			);
			runOnlyForDeploymentPostprocessing = 0;
		};
/* End PBXResourcesBuildPhase section */

/* Begin PBXSourcesBuildPhase section */
		CED8AD182B02535000301870 /* Sources */ = {
			isa = PBXSourcesBuildPhase;
			buildActionMask = 2147483647;
			files = (
				CE5D35142B04ACF60062A9DA /* WBMainView.swift in Sources */,
				CE536A2F2C5A181000A34F6A /* WBViewModel.swift in Sources */,
				CE5D351F2B05ED420062A9DA /* SheetView.swift in Sources */,
				CED8AD312B035C3C00301870 /* DataInputView.swift in Sources */,
				CE0814382B075EC00019A459 /* TextFieldView.swift in Sources */,
				CED8AD222B02535000301870 /* Main.swift in Sources */,
				CE5D35192B04AE880062A9DA /* VectorSynthesisView.swift in Sources */,
				CED8AD242B02535000301870 /* VibData.swift in Sources */,
				CE5D351D2B04DA420062A9DA /* VectorData.swift in Sources */,
				CE9202242B06E69B0044DA56 /* CustomImageView.swift in Sources */,
				CEB737CB2B0374D60096A14E /* WeightBalancingView.swift in Sources */,
				CED8AD202B02535000301870 /* Vibration_AnalyzerApp.swift in Sources */,
			);
			runOnlyForDeploymentPostprocessing = 0;
		};
/* End PBXSourcesBuildPhase section */

/* Begin XCBuildConfiguration section */
		CED8AD2B2B02535100301870 /* Debug */ = {
			isa = XCBuildConfiguration;
			buildSettings = {
				ALWAYS_SEARCH_USER_PATHS = NO;
				ASSETCATALOG_COMPILER_GENERATE_SWIFT_ASSET_SYMBOL_EXTENSIONS = YES;
				CLANG_ANALYZER_NONNULL = YES;
				CLANG_ANALYZER_NUMBER_OBJECT_CONVERSION = YES_AGGRESSIVE;
				CLANG_CXX_LANGUAGE_STANDARD = "gnu++20";
				CLANG_ENABLE_MODULES = YES;
				CLANG_ENABLE_OBJC_ARC = YES;
				CLANG_ENABLE_OBJC_WEAK = YES;
				CLANG_WARN_BLOCK_CAPTURE_AUTORELEASING = YES;
				CLANG_WARN_BOOL_CONVERSION = YES;
				CLANG_WARN_COMMA = YES;
				CLANG_WARN_CONSTANT_CONVERSION = YES;
				CLANG_WARN_DEPRECATED_OBJC_IMPLEMENTATIONS = YES;
				CLANG_WARN_DIRECT_OBJC_ISA_USAGE = YES_ERROR;
				CLANG_WARN_DOCUMENTATION_COMMENTS = YES;
				CLANG_WARN_EMPTY_BODY = YES;
				CLANG_WARN_ENUM_CONVERSION = YES;
				CLANG_WARN_INFINITE_RECURSION = YES;
				CLANG_WARN_INT_CONVERSION = YES;
				CLANG_WARN_NON_LITERAL_NULL_CONVERSION = YES;
				CLANG_WARN_OBJC_IMPLICIT_RETAIN_SELF = YES;
				CLANG_WARN_OBJC_LITERAL_CONVERSION = YES;
				CLANG_WARN_OBJC_ROOT_CLASS = YES_ERROR;
				CLANG_WARN_QUOTED_INCLUDE_IN_FRAMEWORK_HEADER = YES;
				CLANG_WARN_RANGE_LOOP_ANALYSIS = YES;
				CLANG_WARN_STRICT_PROTOTYPES = YES;
				CLANG_WARN_SUSPICIOUS_MOVE = YES;
				CLANG_WARN_UNGUARDED_AVAILABILITY = YES_AGGRESSIVE;
				CLANG_WARN_UNREACHABLE_CODE = YES;
				CLANG_WARN__DUPLICATE_METHOD_MATCH = YES;
				COPY_PHASE_STRIP = NO;
				DEAD_CODE_STRIPPING = YES;
				DEBUG_INFORMATION_FORMAT = dwarf;
				ENABLE_STRICT_OBJC_MSGSEND = YES;
				ENABLE_TESTABILITY = YES;
				ENABLE_USER_SCRIPT_SANDBOXING = YES;
				GCC_C_LANGUAGE_STANDARD = gnu17;
				GCC_DYNAMIC_NO_PIC = NO;
				GCC_NO_COMMON_BLOCKS = YES;
				GCC_OPTIMIZATION_LEVEL = 0;
				GCC_PREPROCESSOR_DEFINITIONS = (
					"DEBUG=1",
					"$(inherited)",
				);
				GCC_WARN_64_TO_32_BIT_CONVERSION = YES;
				GCC_WARN_ABOUT_RETURN_TYPE = YES_ERROR;
				GCC_WARN_UNDECLARED_SELECTOR = YES;
				GCC_WARN_UNINITIALIZED_AUTOS = YES_AGGRESSIVE;
				GCC_WARN_UNUSED_FUNCTION = YES;
				GCC_WARN_UNUSED_VARIABLE = YES;
				LOCALIZATION_PREFERS_STRING_CATALOGS = YES;
				MTL_ENABLE_DEBUG_INFO = INCLUDE_SOURCE;
				MTL_FAST_MATH = YES;
				ONLY_ACTIVE_ARCH = YES;
				SWIFT_ACTIVE_COMPILATION_CONDITIONS = "DEBUG $(inherited)";
				SWIFT_OPTIMIZATION_LEVEL = "-Onone";
			};
			name = Debug;
		};
		CED8AD2C2B02535100301870 /* Release */ = {
			isa = XCBuildConfiguration;
			buildSettings = {
				ALWAYS_SEARCH_USER_PATHS = NO;
				ASSETCATALOG_COMPILER_GENERATE_SWIFT_ASSET_SYMBOL_EXTENSIONS = YES;
				CLANG_ANALYZER_NONNULL = YES;
				CLANG_ANALYZER_NUMBER_OBJECT_CONVERSION = YES_AGGRESSIVE;
				CLANG_CXX_LANGUAGE_STANDARD = "gnu++20";
				CLANG_ENABLE_MODULES = YES;
				CLANG_ENABLE_OBJC_ARC = YES;
				CLANG_ENABLE_OBJC_WEAK = YES;
				CLANG_WARN_BLOCK_CAPTURE_AUTORELEASING = YES;
				CLANG_WARN_BOOL_CONVERSION = YES;
				CLANG_WARN_COMMA = YES;
				CLANG_WARN_CONSTANT_CONVERSION = YES;
				CLANG_WARN_DEPRECATED_OBJC_IMPLEMENTATIONS = YES;
				CLANG_WARN_DIRECT_OBJC_ISA_USAGE = YES_ERROR;
				CLANG_WARN_DOCUMENTATION_COMMENTS = YES;
				CLANG_WARN_EMPTY_BODY = YES;
				CLANG_WARN_ENUM_CONVERSION = YES;
				CLANG_WARN_INFINITE_RECURSION = YES;
				CLANG_WARN_INT_CONVERSION = YES;
				CLANG_WARN_NON_LITERAL_NULL_CONVERSION = YES;
				CLANG_WARN_OBJC_IMPLICIT_RETAIN_SELF = YES;
				CLANG_WARN_OBJC_LITERAL_CONVERSION = YES;
				CLANG_WARN_OBJC_ROOT_CLASS = YES_ERROR;
				CLANG_WARN_QUOTED_INCLUDE_IN_FRAMEWORK_HEADER = YES;
				CLANG_WARN_RANGE_LOOP_ANALYSIS = YES;
				CLANG_WARN_STRICT_PROTOTYPES = YES;
				CLANG_WARN_SUSPICIOUS_MOVE = YES;
				CLANG_WARN_UNGUARDED_AVAILABILITY = YES_AGGRESSIVE;
				CLANG_WARN_UNREACHABLE_CODE = YES;
				CLANG_WARN__DUPLICATE_METHOD_MATCH = YES;
				COPY_PHASE_STRIP = NO;
				DEAD_CODE_STRIPPING = YES;
				DEBUG_INFORMATION_FORMAT = "dwarf-with-dsym";
				ENABLE_NS_ASSERTIONS = NO;
				ENABLE_STRICT_OBJC_MSGSEND = YES;
				ENABLE_USER_SCRIPT_SANDBOXING = YES;
				GCC_C_LANGUAGE_STANDARD = gnu17;
				GCC_NO_COMMON_BLOCKS = YES;
				GCC_WARN_64_TO_32_BIT_CONVERSION = YES;
				GCC_WARN_ABOUT_RETURN_TYPE = YES_ERROR;
				GCC_WARN_UNDECLARED_SELECTOR = YES;
				GCC_WARN_UNINITIALIZED_AUTOS = YES_AGGRESSIVE;
				GCC_WARN_UNUSED_FUNCTION = YES;
				GCC_WARN_UNUSED_VARIABLE = YES;
				LOCALIZATION_PREFERS_STRING_CATALOGS = YES;
				MTL_ENABLE_DEBUG_INFO = NO;
				MTL_FAST_MATH = YES;
				SWIFT_COMPILATION_MODE = wholemodule;
			};
			name = Release;
		};
		CED8AD2E2B02535100301870 /* Debug */ = {
			isa = XCBuildConfiguration;
			buildSettings = {
				ASSETCATALOG_COMPILER_APPICON_NAME = AppIcon;
				ASSETCATALOG_COMPILER_GLOBAL_ACCENT_COLOR_NAME = AccentColor;
				CODE_SIGN_ENTITLEMENTS = "Vibration Analyzer/Vibration_Analyzer.entitlements";
				CODE_SIGN_STYLE = Automatic;
				CURRENT_PROJECT_VERSION = 1;
				DEAD_CODE_STRIPPING = YES;
				DEVELOPMENT_ASSET_PATHS = "\"Vibration Analyzer/Preview Content\"";
				DEVELOPMENT_TEAM = 2L99SBH8W7;
				ENABLE_HARDENED_RUNTIME = YES;
				ENABLE_PREVIEWS = YES;
				GENERATE_INFOPLIST_FILE = YES;
				"INFOPLIST_KEY_UIApplicationSceneManifest_Generation[sdk=iphoneos*]" = YES;
				"INFOPLIST_KEY_UIApplicationSceneManifest_Generation[sdk=iphonesimulator*]" = YES;
				"INFOPLIST_KEY_UIApplicationSupportsIndirectInputEvents[sdk=iphoneos*]" = YES;
				"INFOPLIST_KEY_UIApplicationSupportsIndirectInputEvents[sdk=iphonesimulator*]" = YES;
				"INFOPLIST_KEY_UILaunchScreen_Generation[sdk=iphoneos*]" = YES;
				"INFOPLIST_KEY_UILaunchScreen_Generation[sdk=iphonesimulator*]" = YES;
				"INFOPLIST_KEY_UIStatusBarStyle[sdk=iphoneos*]" = UIStatusBarStyleDefault;
				"INFOPLIST_KEY_UIStatusBarStyle[sdk=iphonesimulator*]" = UIStatusBarStyleDefault;
				INFOPLIST_KEY_UISupportedInterfaceOrientations = UIInterfaceOrientationPortrait;
				INFOPLIST_KEY_UISupportedInterfaceOrientations_iPad = "UIInterfaceOrientationLandscapeLeft UIInterfaceOrientationLandscapeRight UIInterfaceOrientationPortrait UIInterfaceOrientationPortraitUpsideDown";
				IPHONEOS_DEPLOYMENT_TARGET = 17.0;
				LD_RUNPATH_SEARCH_PATHS = "@executable_path/Frameworks";
				"LD_RUNPATH_SEARCH_PATHS[sdk=macosx*]" = "@executable_path/../Frameworks";
				MACOSX_DEPLOYMENT_TARGET = 14.0;
				MARKETING_VERSION = 1.0;
				PRODUCT_BUNDLE_IDENTIFIER = "MW.Vibration-Analyzer";
				PRODUCT_NAME = "$(TARGET_NAME)";
				SDKROOT = auto;
				SUPPORTED_PLATFORMS = "iphoneos iphonesimulator";
				SUPPORTS_MACCATALYST = NO;
				SWIFT_EMIT_LOC_STRINGS = YES;
				SWIFT_VERSION = 5.0;
				TARGETED_DEVICE_FAMILY = 1;
			};
			name = Debug;
		};
		CED8AD2F2B02535100301870 /* Release */ = {
			isa = XCBuildConfiguration;
			buildSettings = {
				ASSETCATALOG_COMPILER_APPICON_NAME = AppIcon;
				ASSETCATALOG_COMPILER_GLOBAL_ACCENT_COLOR_NAME = AccentColor;
				CODE_SIGN_ENTITLEMENTS = "Vibration Analyzer/Vibration_Analyzer.entitlements";
				CODE_SIGN_STYLE = Automatic;
				CURRENT_PROJECT_VERSION = 1;
				DEAD_CODE_STRIPPING = YES;
				DEVELOPMENT_ASSET_PATHS = "\"Vibration Analyzer/Preview Content\"";
				DEVELOPMENT_TEAM = 2L99SBH8W7;
				ENABLE_HARDENED_RUNTIME = YES;
				ENABLE_PREVIEWS = YES;
				GENERATE_INFOPLIST_FILE = YES;
				"INFOPLIST_KEY_UIApplicationSceneManifest_Generation[sdk=iphoneos*]" = YES;
				"INFOPLIST_KEY_UIApplicationSceneManifest_Generation[sdk=iphonesimulator*]" = YES;
				"INFOPLIST_KEY_UIApplicationSupportsIndirectInputEvents[sdk=iphoneos*]" = YES;
				"INFOPLIST_KEY_UIApplicationSupportsIndirectInputEvents[sdk=iphonesimulator*]" = YES;
				"INFOPLIST_KEY_UILaunchScreen_Generation[sdk=iphoneos*]" = YES;
				"INFOPLIST_KEY_UILaunchScreen_Generation[sdk=iphonesimulator*]" = YES;
				"INFOPLIST_KEY_UIStatusBarStyle[sdk=iphoneos*]" = UIStatusBarStyleDefault;
				"INFOPLIST_KEY_UIStatusBarStyle[sdk=iphonesimulator*]" = UIStatusBarStyleDefault;
				INFOPLIST_KEY_UISupportedInterfaceOrientations = UIInterfaceOrientationPortrait;
				INFOPLIST_KEY_UISupportedInterfaceOrientations_iPad = "UIInterfaceOrientationLandscapeLeft UIInterfaceOrientationLandscapeRight UIInterfaceOrientationPortrait UIInterfaceOrientationPortraitUpsideDown";
				IPHONEOS_DEPLOYMENT_TARGET = 17.0;
				LD_RUNPATH_SEARCH_PATHS = "@executable_path/Frameworks";
				"LD_RUNPATH_SEARCH_PATHS[sdk=macosx*]" = "@executable_path/../Frameworks";
				MACOSX_DEPLOYMENT_TARGET = 14.0;
				MARKETING_VERSION = 1.0;
				PRODUCT_BUNDLE_IDENTIFIER = "MW.Vibration-Analyzer";
				PRODUCT_NAME = "$(TARGET_NAME)";
				SDKROOT = auto;
				SUPPORTED_PLATFORMS = "iphoneos iphonesimulator";
				SUPPORTS_MACCATALYST = NO;
				SWIFT_EMIT_LOC_STRINGS = YES;
				SWIFT_VERSION = 5.0;
				TARGETED_DEVICE_FAMILY = 1;
			};
			name = Release;
		};
/* End XCBuildConfiguration section */

/* Begin XCConfigurationList section */
		CED8AD172B02535000301870 /* Build configuration list for PBXProject "Vibration Analyzer" */ = {
			isa = XCConfigurationList;
			buildConfigurations = (
				CED8AD2B2B02535100301870 /* Debug */,
				CED8AD2C2B02535100301870 /* Release */,
			);
			defaultConfigurationIsVisible = 0;
			defaultConfigurationName = Release;
		};
		CED8AD2D2B02535100301870 /* Build configuration list for PBXNativeTarget "Vibration Analyzer" */ = {
			isa = XCConfigurationList;
			buildConfigurations = (
				CED8AD2E2B02535100301870 /* Debug */,
				CED8AD2F2B02535100301870 /* Release */,
			);
			defaultConfigurationIsVisible = 0;
			defaultConfigurationName = Release;
		};
/* End XCConfigurationList section */
	};
	rootObject = CED8AD142B02535000301870 /* Project object */;
}
